<?xml version="1.0" encoding="UTF-8"?>
<CONFIG>
  <ProjectOptions>
    <Version Value="12"/>
    <PathDelim Value="\"/>
    <General>
      <Flags>
        <MainUnitHasCreateFormStatements Value="False"/>
        <MainUnitHasTitleStatement Value="False"/>
        <MainUnitHasScaledStatement Value="False"/>
      </Flags>
      <SessionStorage Value="InProjectDir"/>
      <Title Value="nepper"/>
      <UseAppBundle Value="False"/>
      <ResourceType Value="res"/>
    </General>
    <BuildModes>
      <Item Name="Default" Default="True"/>
      <Item Name="80386">
        <CompilerOptions>
          <Version Value="11"/>
          <PathDelim Value="\"/>
          <Target>
            <Filename Value="../bin/NEP386.EXE"/>
          </Target>
          <SearchPaths>
            <IncludeFiles Value="$(ProjOutDir)"/>
            <UnitOutputDirectory Value="lib\$(TargetCPU)-$(TargetOS)"/>
          </SearchPaths>
          <Parsing>
            <SyntaxOptions>
              <UseAnsiStrings Value="False"/>
            </SyntaxOptions>
          </Parsing>
          <CodeGeneration>
            <SmartLinkUnit Value="True"/>
            <StackSize Value="4096"/>
            <TargetProcessor Value="80386"/>
            <TargetCPU Value="i8086"/>
            <TargetOS Value="msdos"/>
            <Optimizations>
              <OptimizationLevel Value="3"/>
            </Optimizations>
          </CodeGeneration>
          <Linking>
            <Debugging>
              <GenerateDebugInfo Value="False"/>
              <RunWithoutDebug Value="True"/>
            </Debugging>
            <LinkSmart Value="True"/>
          </Linking>
          <Other>
            <CustomOptions Value="-dNO_INT10H"/>
            <OtherDefines Count="1">
              <Define0 Value="NO_INT10H"/>
            </OtherDefines>
          </Other>
        </CompilerOptions>
      </Item>
    </BuildModes>
    <PublishOptions>
      <Version Value="2"/>
      <UseFileFilters Value="True"/>
    </PublishOptions>
    <RunParams>
      <FormatVersion Value="2"/>
    </RunParams>
    <Units>
      <Unit>
        <Filename Value="nepper.lpr"/>
        <IsPartOfProject Value="True"/>
      </Unit>
      <Unit>
        <Filename Value="adlib.pas"/>
        <IsPartOfProject Value="True"/>
        <UnitName Value="Adlib"/>
      </Unit>
      <Unit>
        <Filename Value="keyboard.pas"/>
        <IsPartOfProject Value="True"/>
        <UnitName Value="Keyboard"/>
      </Unit>
      <Unit>
        <Filename Value="input.pas"/>
        <IsPartOfProject Value="True"/>
        <UnitName Value="Input"/>
      </Unit>
      <Unit>
        <Filename Value="screen.pas"/>
        <IsPartOfProject Value="True"/>
        <UnitName Value="Screen"/>
      </Unit>
      <Unit>
        <Filename Value="utils.pas"/>
        <IsPartOfProject Value="True"/>
        <UnitName Value="Utils"/>
      </Unit>
      <Unit>
        <Filename Value="edinstr.pas"/>
        <IsPartOfProject Value="True"/>
        <UnitName Value="EdInstr"/>
      </Unit>
      <Unit>
        <Filename Value="formats.pas"/>
        <IsPartOfProject Value="True"/>
        <UnitName Value="Formats"/>
      </Unit>
      <Unit>
        <Filename Value="timer.pas"/>
        <IsPartOfProject Value="True"/>
        <UnitName Value="Timer"/>
      </Unit>
      <Unit>
        <Filename Value="player.pas"/>
        <IsPartOfProject Value="True"/>
        <UnitName Value="Player"/>
      </Unit>
      <Unit>
        <Filename Value="dialogs.pas"/>
        <IsPartOfProject Value="True"/>
        <UnitName Value="Dialogs"/>
      </Unit>
      <Unit>
        <Filename Value="edpattern.pas"/>
        <IsPartOfProject Value="True"/>
        <UnitName Value="EdPattern"/>
      </Unit>
      <Unit>
        <Filename Value="edsong.pas"/>
        <IsPartOfProject Value="True"/>
        <UnitName Value="EdSong"/>
      </Unit>
      <Unit>
        <Filename Value="clipbrd.pas"/>
        <IsPartOfProject Value="True"/>
        <UnitName Value="Clipbrd"/>
      </Unit>
    </Units>
    <Debugger>
      <ClassConfig Version="1">
        <Config ConfigName="New" ConfigClass="TFpDebugDebugger" Active="True" UID="{778FAF89-062E-44DD-B0D5-747147D9C27A}"/>
      </ClassConfig>
    </Debugger>
  </ProjectOptions>
  <CompilerOptions>
    <Version Value="11"/>
    <PathDelim Value="\"/>
    <Target>
      <Filename Value="../bin/NEP88.EXE"/>
    </Target>
    <SearchPaths>
      <IncludeFiles Value="$(ProjOutDir)"/>
      <UnitOutputDirectory Value="lib\$(TargetCPU)-$(TargetOS)"/>
    </SearchPaths>
    <Parsing>
      <SyntaxOptions>
        <UseAnsiStrings Value="False"/>
      </SyntaxOptions>
    </Parsing>
    <CodeGeneration>
      <SmartLinkUnit Value="True"/>
      <StackSize Value="4096"/>
      <TargetProcessor Value="8086"/>
      <TargetCPU Value="i8086"/>
      <TargetOS Value="msdos"/>
      <Optimizations>
        <OptimizationLevel Value="3"/>
      </Optimizations>
    </CodeGeneration>
    <Linking>
      <Debugging>
        <GenerateDebugInfo Value="False"/>
        <RunWithoutDebug Value="True"/>
      </Debugging>
      <LinkSmart Value="True"/>
    </Linking>
  </CompilerOptions>
  <Debugging>
    <Exceptions>
      <Item>
        <Name Value="EAbort"/>
      </Item>
      <Item>
        <Name Value="ECodetoolError"/>
      </Item>
      <Item>
        <Name Value="EFOpenError"/>
      </Item>
    </Exceptions>
  </Debugging>
</CONFIG>
